
Microsoft Visual Studio Solution File, Format Version 12.00
# Visual Studio Version 17
VisualStudioVersion = 17.8.34309.116
MinimumVisualStudioVersion = 10.0.40219.1
Project("{9A19103F-16F7-4668-BE54-9A1E7A4F7556}") = "HundApp", "B1\HundApp\HundApp.csproj", "{40E85C97-177E-4FB0-917D-E27AF8E74FC8}"
EndProject
Project("{9A19103F-16F7-4668-BE54-9A1E7A4F7556}") = "ListCollection", "B1\ListCollection\ListCollection.csproj", "{1F1F99EE-1D3E-4229-91C7-B31389277FED}"
EndProject
Project("{9A19103F-16F7-4668-BE54-9A1E7A4F7556}") = "PersonAddress", "B1\PersonAddress\PersonAddress.csproj", "{1ABC5F0A-7BEC-4429-9429-51C576C9241D}"
EndProject
Project("{2150E333-8FDC-42A3-9474-1A3956D46DE8}") = "B1", "B1", "{7452929A-03B3-42F3-B44B-5FD168C7A3DC}"
EndProject
Project("{2150E333-8FDC-42A3-9474-1A3956D46DE8}") = "B2", "B2", "{BC6A5C8A-AF97-42A6-91B7-25AEEE6FCF4B}"
EndProject
Project("{FAE04EC0-301F-11D3-BF4B-00C04F79EFBC}") = "CircleApp", "B2\CircleApp\CircleApp.csproj", "{0D54CC88-7018-4059-9B84-0D24F9D01DB3}"
EndProject
Project("{FAE04EC0-301F-11D3-BF4B-00C04F79EFBC}") = "CircleLibrary", "B2\CircleLibrary\CircleLibrary.csproj", "{10EF0DB3-C643-4D7E-9C4E-192D2B5686E5}"
EndProject
Project("{FAE04EC0-301F-11D3-BF4B-00C04F79EFBC}") = "GeometricObjects", "B2\GeometricObjects\GeometricObjects.csproj", "{C4D1BA0C-4322-4885-87DE-D857F09F1003}"
EndProject
Project("{2150E333-8FDC-42A3-9474-1A3956D46DE8}") = "B3", "B3", "{72DAD3F8-7E94-41AC-84C4-01E906CF38DD}"
EndProject
Project("{FAE04EC0-301F-11D3-BF4B-00C04F79EFBC}") = "Aircrafts", "B8\Aircrafts\Aircrafts.csproj", "{A77D66E9-EB7F-4588-8684-30F9AF516E3C}"
EndProject
Project("{2150E333-8FDC-42A3-9474-1A3956D46DE8}") = "B8", "B8", "{DB6F1487-DF50-4CA8-A755-8C0951F9E224}"
EndProject
Project("{2150E333-8FDC-42A3-9474-1A3956D46DE8}") = "B10", "B10", "{ADFA5446-83B6-4DCA-B0C2-F7BC4743976C}"
EndProject
Project("{9A19103F-16F7-4668-BE54-9A1E7A4F7556}") = "TierApp", "B10\TierApp\TierApp.csproj", "{198395F1-D0DC-4685-8F4C-AF33D688FA91}"
EndProject
Project("{FAE04EC0-301F-11D3-BF4B-00C04F79EFBC}") = "Animals", "B8\Animals\Animals.csproj", "{112DCB53-91ED-448F-804D-53F65164BFA1}"
EndProject
Project("{FAE04EC0-301F-11D3-BF4B-00C04F79EFBC}") = "Cars", "B8\Cars\Cars.csproj", "{DD96F2B6-2EAD-4E29-B9EE-AA3C21A07495}"
EndProject
Project("{FAE04EC0-301F-11D3-BF4B-00C04F79EFBC}") = "GeometricFigures", "B8\GeometricFigures\GeometricFigures.csproj", "{99E2C1D4-13FF-4D03-9A8D-E6A7B663B8CA}"
EndProject
Project("{FAE04EC0-301F-11D3-BF4B-00C04F79EFBC}") = "GeometricFiguresToString", "B8\GeometricFigures-ToString\GeometricFiguresToString.csproj", "{3699C8E2-F520-44B8-BA33-CF6032A10AE6}"
EndProject
Global
	GlobalSection(SolutionConfigurationPlatforms) = preSolution
		Debug|Any CPU = Debug|Any CPU
		Release|Any CPU = Release|Any CPU
	EndGlobalSection
	GlobalSection(ProjectConfigurationPlatforms) = postSolution
		{40E85C97-177E-4FB0-917D-E27AF8E74FC8}.Debug|Any CPU.ActiveCfg = Debug|Any CPU
		{40E85C97-177E-4FB0-917D-E27AF8E74FC8}.Debug|Any CPU.Build.0 = Debug|Any CPU
		{40E85C97-177E-4FB0-917D-E27AF8E74FC8}.Release|Any CPU.ActiveCfg = Release|Any CPU
		{40E85C97-177E-4FB0-917D-E27AF8E74FC8}.Release|Any CPU.Build.0 = Release|Any CPU
		{1F1F99EE-1D3E-4229-91C7-B31389277FED}.Debug|Any CPU.ActiveCfg = Debug|Any CPU
		{1F1F99EE-1D3E-4229-91C7-B31389277FED}.Debug|Any CPU.Build.0 = Debug|Any CPU
		{1F1F99EE-1D3E-4229-91C7-B31389277FED}.Release|Any CPU.ActiveCfg = Release|Any CPU
		{1F1F99EE-1D3E-4229-91C7-B31389277FED}.Release|Any CPU.Build.0 = Release|Any CPU
		{1ABC5F0A-7BEC-4429-9429-51C576C9241D}.Debug|Any CPU.ActiveCfg = Debug|Any CPU
		{1ABC5F0A-7BEC-4429-9429-51C576C9241D}.Debug|Any CPU.Build.0 = Debug|Any CPU
		{1ABC5F0A-7BEC-4429-9429-51C576C9241D}.Release|Any CPU.ActiveCfg = Release|Any CPU
		{1ABC5F0A-7BEC-4429-9429-51C576C9241D}.Release|Any CPU.Build.0 = Release|Any CPU
		{0D54CC88-7018-4059-9B84-0D24F9D01DB3}.Debug|Any CPU.ActiveCfg = Debug|Any CPU
		{0D54CC88-7018-4059-9B84-0D24F9D01DB3}.Debug|Any CPU.Build.0 = Debug|Any CPU
		{0D54CC88-7018-4059-9B84-0D24F9D01DB3}.Release|Any CPU.ActiveCfg = Release|Any CPU
		{0D54CC88-7018-4059-9B84-0D24F9D01DB3}.Release|Any CPU.Build.0 = Release|Any CPU
		{10EF0DB3-C643-4D7E-9C4E-192D2B5686E5}.Debug|Any CPU.ActiveCfg = Debug|Any CPU
		{10EF0DB3-C643-4D7E-9C4E-192D2B5686E5}.Debug|Any CPU.Build.0 = Debug|Any CPU
		{10EF0DB3-C643-4D7E-9C4E-192D2B5686E5}.Release|Any CPU.ActiveCfg = Release|Any CPU
		{10EF0DB3-C643-4D7E-9C4E-192D2B5686E5}.Release|Any CPU.Build.0 = Release|Any CPU
		{C4D1BA0C-4322-4885-87DE-D857F09F1003}.Debug|Any CPU.ActiveCfg = Debug|Any CPU
		{C4D1BA0C-4322-4885-87DE-D857F09F1003}.Debug|Any CPU.Build.0 = Debug|Any CPU
		{C4D1BA0C-4322-4885-87DE-D857F09F1003}.Release|Any CPU.ActiveCfg = Release|Any CPU
		{C4D1BA0C-4322-4885-87DE-D857F09F1003}.Release|Any CPU.Build.0 = Release|Any CPU
		{A77D66E9-EB7F-4588-8684-30F9AF516E3C}.Debug|Any CPU.ActiveCfg = Debug|Any CPU
		{A77D66E9-EB7F-4588-8684-30F9AF516E3C}.Debug|Any CPU.Build.0 = Debug|Any CPU
		{A77D66E9-EB7F-4588-8684-30F9AF516E3C}.Release|Any CPU.ActiveCfg = Release|Any CPU
		{A77D66E9-EB7F-4588-8684-30F9AF516E3C}.Release|Any CPU.Build.0 = Release|Any CPU
		{198395F1-D0DC-4685-8F4C-AF33D688FA91}.Debug|Any CPU.ActiveCfg = Debug|Any CPU
		{198395F1-D0DC-4685-8F4C-AF33D688FA91}.Debug|Any CPU.Build.0 = Debug|Any CPU
		{198395F1-D0DC-4685-8F4C-AF33D688FA91}.Release|Any CPU.ActiveCfg = Release|Any CPU
		{198395F1-D0DC-4685-8F4C-AF33D688FA91}.Release|Any CPU.Build.0 = Release|Any CPU
		{112DCB53-91ED-448F-804D-53F65164BFA1}.Debug|Any CPU.ActiveCfg = Debug|Any CPU
		{112DCB53-91ED-448F-804D-53F65164BFA1}.Debug|Any CPU.Build.0 = Debug|Any CPU
		{112DCB53-91ED-448F-804D-53F65164BFA1}.Release|Any CPU.ActiveCfg = Release|Any CPU
		{112DCB53-91ED-448F-804D-53F65164BFA1}.Release|Any CPU.Build.0 = Release|Any CPU
		{DD96F2B6-2EAD-4E29-B9EE-AA3C21A07495}.Debug|Any CPU.ActiveCfg = Debug|Any CPU
		{DD96F2B6-2EAD-4E29-B9EE-AA3C21A07495}.Debug|Any CPU.Build.0 = Debug|Any CPU
		{DD96F2B6-2EAD-4E29-B9EE-AA3C21A07495}.Release|Any CPU.ActiveCfg = Release|Any CPU
		{DD96F2B6-2EAD-4E29-B9EE-AA3C21A07495}.Release|Any CPU.Build.0 = Release|Any CPU
		{99E2C1D4-13FF-4D03-9A8D-E6A7B663B8CA}.Debug|Any CPU.ActiveCfg = Debug|Any CPU
		{99E2C1D4-13FF-4D03-9A8D-E6A7B663B8CA}.Debug|Any CPU.Build.0 = Debug|Any CPU
		{99E2C1D4-13FF-4D03-9A8D-E6A7B663B8CA}.Release|Any CPU.ActiveCfg = Release|Any CPU
		{99E2C1D4-13FF-4D03-9A8D-E6A7B663B8CA}.Release|Any CPU.Build.0 = Release|Any CPU
		{3699C8E2-F520-44B8-BA33-CF6032A10AE6}.Debug|Any CPU.ActiveCfg = Debug|Any CPU
		{3699C8E2-F520-44B8-BA33-CF6032A10AE6}.Debug|Any CPU.Build.0 = Debug|Any CPU
		{3699C8E2-F520-44B8-BA33-CF6032A10AE6}.Release|Any CPU.ActiveCfg = Release|Any CPU
		{3699C8E2-F520-44B8-BA33-CF6032A10AE6}.Release|Any CPU.Build.0 = Release|Any CPU
	EndGlobalSection
	GlobalSection(SolutionProperties) = preSolution
		HideSolutionNode = FALSE
	EndGlobalSection
	GlobalSection(NestedProjects) = preSolution
		{40E85C97-177E-4FB0-917D-E27AF8E74FC8} = {7452929A-03B3-42F3-B44B-5FD168C7A3DC}
		{1F1F99EE-1D3E-4229-91C7-B31389277FED} = {7452929A-03B3-42F3-B44B-5FD168C7A3DC}
		{1ABC5F0A-7BEC-4429-9429-51C576C9241D} = {7452929A-03B3-42F3-B44B-5FD168C7A3DC}
		{0D54CC88-7018-4059-9B84-0D24F9D01DB3} = {BC6A5C8A-AF97-42A6-91B7-25AEEE6FCF4B}
		{10EF0DB3-C643-4D7E-9C4E-192D2B5686E5} = {BC6A5C8A-AF97-42A6-91B7-25AEEE6FCF4B}
		{C4D1BA0C-4322-4885-87DE-D857F09F1003} = {BC6A5C8A-AF97-42A6-91B7-25AEEE6FCF4B}
		{A77D66E9-EB7F-4588-8684-30F9AF516E3C} = {DB6F1487-DF50-4CA8-A755-8C0951F9E224}
		{198395F1-D0DC-4685-8F4C-AF33D688FA91} = {ADFA5446-83B6-4DCA-B0C2-F7BC4743976C}
		{112DCB53-91ED-448F-804D-53F65164BFA1} = {DB6F1487-DF50-4CA8-A755-8C0951F9E224}
		{DD96F2B6-2EAD-4E29-B9EE-AA3C21A07495} = {DB6F1487-DF50-4CA8-A755-8C0951F9E224}
		{99E2C1D4-13FF-4D03-9A8D-E6A7B663B8CA} = {DB6F1487-DF50-4CA8-A755-8C0951F9E224}
		{3699C8E2-F520-44B8-BA33-CF6032A10AE6} = {DB6F1487-DF50-4CA8-A755-8C0951F9E224}
	EndGlobalSection
	GlobalSection(ExtensibilityGlobals) = postSolution
		SolutionGuid = {9C3C06D3-C252-452E-849C-076E359B7576}
	EndGlobalSection
EndGlobal
