
Microsoft Visual Studio Solution File, Format Version 12.00
# Visual Studio Version 17
VisualStudioVersion = 17.7.34024.191
MinimumVisualStudioVersion = 10.0.40219.1
Project("{FAE04EC0-301F-11D3-BF4B-00C04F79EFBC}") = "PersonAddress", "PersonAddress.csproj", "{C8C30D5C-1452-495E-A1FC-27F5A5A97730}"
EndProject
Global
	GlobalSection(SolutionConfigurationPlatforms) = preSolution
		Debug|Any CPU = Debug|Any CPU
		Release|Any CPU = Release|Any CPU
	EndGlobalSection
	GlobalSection(ProjectConfigurationPlatforms) = postSolution
		{C8C30D5C-1452-495E-A1FC-27F5A5A97730}.Debug|Any CPU.ActiveCfg = Debug|Any CPU
		{C8C30D5C-1452-495E-A1FC-27F5A5A97730}.Debug|Any CPU.Build.0 = Debug|Any CPU
		{C8C30D5C-1452-495E-A1FC-27F5A5A97730}.Release|Any CPU.ActiveCfg = Release|Any CPU
		{C8C30D5C-1452-495E-A1FC-27F5A5A97730}.Release|Any CPU.Build.0 = Release|Any CPU
	EndGlobalSection
	GlobalSection(SolutionProperties) = preSolution
		HideSolutionNode = FALSE
	EndGlobalSection
	GlobalSection(ExtensibilityGlobals) = postSolution
		SolutionGuid = {8A89D68B-B184-48CD-98F9-FEC74F31BA28}
	EndGlobalSection
EndGlobal
