
Microsoft Visual Studio Solution File, Format Version 12.00
# Visual Studio Version 17
VisualStudioVersion = 17.6.33815.320
MinimumVisualStudioVersion = 10.0.40219.1
Project("{FAE04EC0-301F-11D3-BF4B-00C04F79EFBC}") = "HundApp", "HundApp.csproj", "{D117CC5E-898D-443D-9104-B9418271A00F}"
EndProject
Global
	GlobalSection(SolutionConfigurationPlatforms) = preSolution
		Debug|Any CPU = Debug|Any CPU
		Release|Any CPU = Release|Any CPU
	EndGlobalSection
	GlobalSection(ProjectConfigurationPlatforms) = postSolution
		{D117CC5E-898D-443D-9104-B9418271A00F}.Debug|Any CPU.ActiveCfg = Debug|Any CPU
		{D117CC5E-898D-443D-9104-B9418271A00F}.Debug|Any CPU.Build.0 = Debug|Any CPU
		{D117CC5E-898D-443D-9104-B9418271A00F}.Release|Any CPU.ActiveCfg = Release|Any CPU
		{D117CC5E-898D-443D-9104-B9418271A00F}.Release|Any CPU.Build.0 = Release|Any CPU
	EndGlobalSection
	GlobalSection(SolutionProperties) = preSolution
		HideSolutionNode = FALSE
	EndGlobalSection
	GlobalSection(ExtensibilityGlobals) = postSolution
		SolutionGuid = {66CBD8C9-029F-497E-805C-AD4D63995839}
	EndGlobalSection
EndGlobal
